{
    __meta__ = {
        version = "1.0"
    },
    ["windows|x64"] = {
        ["cmake#f56260b5"] = {
            repo = {
                branch = "master",
                commit = "fe2a73b07622d172ec4f8584418500fb945c51cd",
                url = "https://gitlab.com/tboox/xmake-repo.git"
            },
            version = "4.2.1"
        },
        ["effolkronium-random#f56260b5"] = {
            repo = {
                branch = "master",
                commit = "fe2a73b07622d172ec4f8584418500fb945c51cd",
                url = "https://gitlab.com/tboox/xmake-repo.git"
            },
            version = "v1.5.0"
        },
        ["ninja#f56260b5"] = {
            repo = {
                branch = "master",
                commit = "fe2a73b07622d172ec4f8584418500fb945c51cd",
                url = "https://gitlab.com/tboox/xmake-repo.git"
            },
            version = "1.12.1"
        },
        ["simpleini v4.25#f56260b5"] = {
            repo = {
                branch = "master",
                commit = "2e1b098a67288fdbb197e206c7d5bba2168a9a59",
                url = "https://gitlab.com/tboox/xmake-repo.git"
            },
            version = "v4.25"
        },
        ["spdlog v1.16.0#09c8c173"] = {
            repo = {
                branch = "master",
                commit = "fe2a73b07622d172ec4f8584418500fb945c51cd",
                url = "https://gitlab.com/tboox/xmake-repo.git"
            },
            version = "v1.16.0"
        },
        ["xbyak v7.06#f56260b5"] = {
            repo = {
                branch = "master",
                commit = "fe2a73b07622d172ec4f8584418500fb945c51cd",
                url = "https://gitlab.com/tboox/xmake-repo.git"
            },
            version = "v7.06"
        }
    }
}